
Microsoft Visual Studio Solution File, Format Version 12.00
# Visual Studio 15
VisualStudioVersion = 15.0.26730.16
MinimumVisualStudioVersion = 10.0.40219.1
Project("{FAE04EC0-301F-11D3-BF4B-00C04F79EFBC}") = "01.MaxSequenceOfEqualElements", "01.MaxSequenceOfEqualElements\01.MaxSequenceOfEqualElements.csproj", "{CEE6759F-3EB8-458A-8869-EDB59896476A}"
EndProject
Project("{FAE04EC0-301F-11D3-BF4B-00C04F79EFBC}") = "02.ChangeList", "02.ChangeList\02.ChangeList.csproj", "{DE6CDB2A-3CC4-415E-A54A-0D188BC89CD2}"
EndProject
Project("{FAE04EC0-301F-11D3-BF4B-00C04F79EFBC}") = "03.SearchForANumber", "03.SearchForANumber\03.SearchForANumber.csproj", "{17EE5E57-1E5F-449F-BE26-D91961A16A2F}"
EndProject
Project("{FAE04EC0-301F-11D3-BF4B-00C04F79EFBC}") = "04.LongestIncreasingSubsequence", "04.LongestIncreasingSubsequence\04.LongestIncreasingSubsequence.csproj", "{657FFE1E-F2D9-49F9-B924-76D4CC7999E1}"
EndProject
Project("{FAE04EC0-301F-11D3-BF4B-00C04F79EFBC}") = "05.ArrayManipulator", "05.ArrayManipulator\05.ArrayManipulator.csproj", "{2C0CAC1A-CA32-4A0F-88C5-EA39E08D159A}"
EndProject
Project("{FAE04EC0-301F-11D3-BF4B-00C04F79EFBC}") = "06.SumReversedNumbers", "06.SumReversedNumbers\06.SumReversedNumbers.csproj", "{6A446086-9C11-4C11-A9FD-381C4B4F7F2A}"
EndProject
Project("{FAE04EC0-301F-11D3-BF4B-00C04F79EFBC}") = "07.BombNumbers", "07.BombNumbers\07.BombNumbers.csproj", "{25464FAF-6667-47BE-9BA7-C10E27C3AD52}"
EndProject
Global
	GlobalSection(SolutionConfigurationPlatforms) = preSolution
		Debug|Any CPU = Debug|Any CPU
		Release|Any CPU = Release|Any CPU
	EndGlobalSection
	GlobalSection(ProjectConfigurationPlatforms) = postSolution
		{CEE6759F-3EB8-458A-8869-EDB59896476A}.Debug|Any CPU.ActiveCfg = Debug|Any CPU
		{CEE6759F-3EB8-458A-8869-EDB59896476A}.Debug|Any CPU.Build.0 = Debug|Any CPU
		{CEE6759F-3EB8-458A-8869-EDB59896476A}.Release|Any CPU.ActiveCfg = Release|Any CPU
		{CEE6759F-3EB8-458A-8869-EDB59896476A}.Release|Any CPU.Build.0 = Release|Any CPU
		{DE6CDB2A-3CC4-415E-A54A-0D188BC89CD2}.Debug|Any CPU.ActiveCfg = Debug|Any CPU
		{DE6CDB2A-3CC4-415E-A54A-0D188BC89CD2}.Debug|Any CPU.Build.0 = Debug|Any CPU
		{DE6CDB2A-3CC4-415E-A54A-0D188BC89CD2}.Release|Any CPU.ActiveCfg = Release|Any CPU
		{DE6CDB2A-3CC4-415E-A54A-0D188BC89CD2}.Release|Any CPU.Build.0 = Release|Any CPU
		{17EE5E57-1E5F-449F-BE26-D91961A16A2F}.Debug|Any CPU.ActiveCfg = Debug|Any CPU
		{17EE5E57-1E5F-449F-BE26-D91961A16A2F}.Debug|Any CPU.Build.0 = Debug|Any CPU
		{17EE5E57-1E5F-449F-BE26-D91961A16A2F}.Release|Any CPU.ActiveCfg = Release|Any CPU
		{17EE5E57-1E5F-449F-BE26-D91961A16A2F}.Release|Any CPU.Build.0 = Release|Any CPU
		{657FFE1E-F2D9-49F9-B924-76D4CC7999E1}.Debug|Any CPU.ActiveCfg = Debug|Any CPU
		{657FFE1E-F2D9-49F9-B924-76D4CC7999E1}.Debug|Any CPU.Build.0 = Debug|Any CPU
		{657FFE1E-F2D9-49F9-B924-76D4CC7999E1}.Release|Any CPU.ActiveCfg = Release|Any CPU
		{657FFE1E-F2D9-49F9-B924-76D4CC7999E1}.Release|Any CPU.Build.0 = Release|Any CPU
		{2C0CAC1A-CA32-4A0F-88C5-EA39E08D159A}.Debug|Any CPU.ActiveCfg = Debug|Any CPU
		{2C0CAC1A-CA32-4A0F-88C5-EA39E08D159A}.Debug|Any CPU.Build.0 = Debug|Any CPU
		{2C0CAC1A-CA32-4A0F-88C5-EA39E08D159A}.Release|Any CPU.ActiveCfg = Release|Any CPU
		{2C0CAC1A-CA32-4A0F-88C5-EA39E08D159A}.Release|Any CPU.Build.0 = Release|Any CPU
		{6A446086-9C11-4C11-A9FD-381C4B4F7F2A}.Debug|Any CPU.ActiveCfg = Debug|Any CPU
		{6A446086-9C11-4C11-A9FD-381C4B4F7F2A}.Debug|Any CPU.Build.0 = Debug|Any CPU
		{6A446086-9C11-4C11-A9FD-381C4B4F7F2A}.Release|Any CPU.ActiveCfg = Release|Any CPU
		{6A446086-9C11-4C11-A9FD-381C4B4F7F2A}.Release|Any CPU.Build.0 = Release|Any CPU
		{25464FAF-6667-47BE-9BA7-C10E27C3AD52}.Debug|Any CPU.ActiveCfg = Debug|Any CPU
		{25464FAF-6667-47BE-9BA7-C10E27C3AD52}.Debug|Any CPU.Build.0 = Debug|Any CPU
		{25464FAF-6667-47BE-9BA7-C10E27C3AD52}.Release|Any CPU.ActiveCfg = Release|Any CPU
		{25464FAF-6667-47BE-9BA7-C10E27C3AD52}.Release|Any CPU.Build.0 = Release|Any CPU
	EndGlobalSection
	GlobalSection(SolutionProperties) = preSolution
		HideSolutionNode = FALSE
	EndGlobalSection
	GlobalSection(ExtensibilityGlobals) = postSolution
		SolutionGuid = {3AD1BBE3-3C3D-4FB5-A090-8835F6E8D325}
	EndGlobalSection
EndGlobal
